
Microsoft Visual Studio Solution File, Format Version 12.00
# Visual Studio Version 16
VisualStudioVersion = 16.0.32510.428
MinimumVisualStudioVersion = 10.0.40219.1
Project("{FAE04EC0-301F-11D3-BF4B-00C04F79EFBC}") = "Walker v0.5.1", "Walker v0.5.1.csproj", "{F5F2FF12-3622-48B1-8ED8-D040739782D5}"
EndProject
Project("{FAE04EC0-301F-11D3-BF4B-00C04F79EFBC}") = "ARM", "..\ARM\ARM.csproj", "{4C67583C-27CD-4B49-9B80-6B5B05857542}"
EndProject
Global
	GlobalSection(SolutionConfigurationPlatforms) = preSolution
		Debug|x64 = Debug|x64
	EndGlobalSection
	GlobalSection(ProjectConfigurationPlatforms) = postSolution
		{F5F2FF12-3622-48B1-8ED8-D040739782D5}.Debug|x64.ActiveCfg = Debug|x64
		{F5F2FF12-3622-48B1-8ED8-D040739782D5}.Debug|x64.Build.0 = Debug|x64
		{4C67583C-27CD-4B49-9B80-6B5B05857542}.Debug|x64.ActiveCfg = Debug|x64
		{4C67583C-27CD-4B49-9B80-6B5B05857542}.Debug|x64.Build.0 = Debug|x64
	EndGlobalSection
	GlobalSection(SolutionProperties) = preSolution
		HideSolutionNode = FALSE
	EndGlobalSection
	GlobalSection(ExtensibilityGlobals) = postSolution
		SolutionGuid = {A809A1A6-D35F-4000-AF6C-5A5AE2A23DDC}
	EndGlobalSection
EndGlobal
